
Microsoft Visual Studio Solution File, Format Version 12.00
# Visual Studio Version 17
VisualStudioVersion = 17.14.36121.58 d17.14
MinimumVisualStudioVersion = 10.0.40219.1
Project("{FAE04EC0-301F-11D3-BF4B-00C04F79EFBC}") = "Proyecto", "Proyecto\Proyecto.csproj", "{1583ED84-EC8E-4456-907F-C0105E31927C}"
EndProject
Global
	GlobalSection(SolutionConfigurationPlatforms) = preSolution
		Debug|Any CPU = Debug|Any CPU
		Release|Any CPU = Release|Any CPU
	EndGlobalSection
	GlobalSection(ProjectConfigurationPlatforms) = postSolution
		{1583ED84-EC8E-4456-907F-C0105E31927C}.Debug|Any CPU.ActiveCfg = Debug|Any CPU
		{1583ED84-EC8E-4456-907F-C0105E31927C}.Debug|Any CPU.Build.0 = Debug|Any CPU
		{1583ED84-EC8E-4456-907F-C0105E31927C}.Release|Any CPU.ActiveCfg = Release|Any CPU
		{1583ED84-EC8E-4456-907F-C0105E31927C}.Release|Any CPU.Build.0 = Release|Any CPU
	EndGlobalSection
	GlobalSection(SolutionProperties) = preSolution
		HideSolutionNode = FALSE
	EndGlobalSection
	GlobalSection(ExtensibilityGlobals) = postSolution
		SolutionGuid = {91E0DD09-A6A3-407B-9AB6-38776DA7E784}
	EndGlobalSection
EndGlobal
